{
  "name": "e-commerce-backend",
  "version": "1.0.0",
  "lockfileVersion": 2,
  "requires": true,
  "description": "E-Commerce Backend API",
  "license": "ISC",
  "main": "server.js",
  "packages": {
    "": {
      "name": "e-commerce-backend",
      "version": "1.0.0",
      "license": "ISC"
    }
  },
  "devDependencies": {
    "nodemon": "^2.0.12"
  },
  "scripts": {
    "dev": "nodemon server.js",
    "seed": "node seeds/index.js",
    "start": "node server.js"
  }
}
